
Microsoft Visual Studio Solution File, Format Version 12.00
# Visual Studio 15
VisualStudioVersion = 15.0.28307.779
MinimumVisualStudioVersion = 10.0.40219.1
Project("{FAE04EC0-301F-11D3-BF4B-00C04F79EFBC}") = "XFVidyoSample", "XFVidyoSample\XFVidyoSample\XFVidyoSample.csproj", "{59FA28CC-E569-4624-85F8-AC3160E639D1}"
EndProject
Project("{FAE04EC0-301F-11D3-BF4B-00C04F79EFBC}") = "XFVidyoSample.Android", "XFVidyoSample\XFVidyoSample.Android\XFVidyoSample.Android.csproj", "{8C8CF961-42B5-4624-A33D-5343FD5FFD59}"
EndProject
Project("{FAE04EC0-301F-11D3-BF4B-00C04F79EFBC}") = "XFVidyoSample.iOS", "XFVidyoSample\XFVidyoSample.iOS\XFVidyoSample.iOS.csproj", "{97649A03-6288-4A3E-9FFD-1B42F0D1E8C9}"
EndProject
Global
	GlobalSection(SolutionConfigurationPlatforms) = preSolution
		Ad-Hoc|Any CPU = Ad-Hoc|Any CPU
		Ad-Hoc|iPhone = Ad-Hoc|iPhone
		Ad-Hoc|iPhoneSimulator = Ad-Hoc|iPhoneSimulator
		AppStore|Any CPU = AppStore|Any CPU
		AppStore|iPhone = AppStore|iPhone
		AppStore|iPhoneSimulator = AppStore|iPhoneSimulator
		Debug|Any CPU = Debug|Any CPU
		Debug|iPhone = Debug|iPhone
		Debug|iPhoneSimulator = Debug|iPhoneSimulator
		Release|Any CPU = Release|Any CPU
		Release|iPhone = Release|iPhone
		Release|iPhoneSimulator = Release|iPhoneSimulator
	EndGlobalSection
	GlobalSection(ProjectConfigurationPlatforms) = postSolution
		{59FA28CC-E569-4624-85F8-AC3160E639D1}.Ad-Hoc|Any CPU.ActiveCfg = Debug|Any CPU
		{59FA28CC-E569-4624-85F8-AC3160E639D1}.Ad-Hoc|Any CPU.Build.0 = Debug|Any CPU
		{59FA28CC-E569-4624-85F8-AC3160E639D1}.Ad-Hoc|iPhone.ActiveCfg = Debug|Any CPU
		{59FA28CC-E569-4624-85F8-AC3160E639D1}.Ad-Hoc|iPhone.Build.0 = Debug|Any CPU
		{59FA28CC-E569-4624-85F8-AC3160E639D1}.Ad-Hoc|iPhoneSimulator.ActiveCfg = Debug|Any CPU
		{59FA28CC-E569-4624-85F8-AC3160E639D1}.Ad-Hoc|iPhoneSimulator.Build.0 = Debug|Any CPU
		{59FA28CC-E569-4624-85F8-AC3160E639D1}.AppStore|Any CPU.ActiveCfg = Debug|Any CPU
		{59FA28CC-E569-4624-85F8-AC3160E639D1}.AppStore|Any CPU.Build.0 = Debug|Any CPU
		{59FA28CC-E569-4624-85F8-AC3160E639D1}.AppStore|iPhone.ActiveCfg = Debug|Any CPU
		{59FA28CC-E569-4624-85F8-AC3160E639D1}.AppStore|iPhone.Build.0 = Debug|Any CPU
		{59FA28CC-E569-4624-85F8-AC3160E639D1}.AppStore|iPhoneSimulator.ActiveCfg = Debug|Any CPU
		{59FA28CC-E569-4624-85F8-AC3160E639D1}.AppStore|iPhoneSimulator.Build.0 = Debug|Any CPU
		{59FA28CC-E569-4624-85F8-AC3160E639D1}.Debug|Any CPU.ActiveCfg = Debug|Any CPU
		{59FA28CC-E569-4624-85F8-AC3160E639D1}.Debug|Any CPU.Build.0 = Debug|Any CPU
		{59FA28CC-E569-4624-85F8-AC3160E639D1}.Debug|iPhone.ActiveCfg = Debug|Any CPU
		{59FA28CC-E569-4624-85F8-AC3160E639D1}.Debug|iPhone.Build.0 = Debug|Any CPU
		{59FA28CC-E569-4624-85F8-AC3160E639D1}.Debug|iPhoneSimulator.ActiveCfg = Debug|Any CPU
		{59FA28CC-E569-4624-85F8-AC3160E639D1}.Debug|iPhoneSimulator.Build.0 = Debug|Any CPU
		{59FA28CC-E569-4624-85F8-AC3160E639D1}.Release|Any CPU.ActiveCfg = Release|Any CPU
		{59FA28CC-E569-4624-85F8-AC3160E639D1}.Release|Any CPU.Build.0 = Release|Any CPU
		{59FA28CC-E569-4624-85F8-AC3160E639D1}.Release|iPhone.ActiveCfg = Release|Any CPU
		{59FA28CC-E569-4624-85F8-AC3160E639D1}.Release|iPhone.Build.0 = Release|Any CPU
		{59FA28CC-E569-4624-85F8-AC3160E639D1}.Release|iPhoneSimulator.ActiveCfg = Release|Any CPU
		{59FA28CC-E569-4624-85F8-AC3160E639D1}.Release|iPhoneSimulator.Build.0 = Release|Any CPU
		{8C8CF961-42B5-4624-A33D-5343FD5FFD59}.Ad-Hoc|Any CPU.ActiveCfg = Release|Any CPU
		{8C8CF961-42B5-4624-A33D-5343FD5FFD59}.Ad-Hoc|Any CPU.Build.0 = Release|Any CPU
		{8C8CF961-42B5-4624-A33D-5343FD5FFD59}.Ad-Hoc|Any CPU.Deploy.0 = Release|Any CPU
		{8C8CF961-42B5-4624-A33D-5343FD5FFD59}.Ad-Hoc|iPhone.ActiveCfg = Release|Any CPU
		{8C8CF961-42B5-4624-A33D-5343FD5FFD59}.Ad-Hoc|iPhone.Build.0 = Release|Any CPU
		{8C8CF961-42B5-4624-A33D-5343FD5FFD59}.Ad-Hoc|iPhone.Deploy.0 = Release|Any CPU
		{8C8CF961-42B5-4624-A33D-5343FD5FFD59}.Ad-Hoc|iPhoneSimulator.ActiveCfg = Release|Any CPU
		{8C8CF961-42B5-4624-A33D-5343FD5FFD59}.Ad-Hoc|iPhoneSimulator.Build.0 = Release|Any CPU
		{8C8CF961-42B5-4624-A33D-5343FD5FFD59}.Ad-Hoc|iPhoneSimulator.Deploy.0 = Release|Any CPU
		{8C8CF961-42B5-4624-A33D-5343FD5FFD59}.AppStore|Any CPU.ActiveCfg = Release|Any CPU
		{8C8CF961-42B5-4624-A33D-5343FD5FFD59}.AppStore|Any CPU.Build.0 = Release|Any CPU
		{8C8CF961-42B5-4624-A33D-5343FD5FFD59}.AppStore|Any CPU.Deploy.0 = Release|Any CPU
		{8C8CF961-42B5-4624-A33D-5343FD5FFD59}.AppStore|iPhone.ActiveCfg = Release|Any CPU
		{8C8CF961-42B5-4624-A33D-5343FD5FFD59}.AppStore|iPhone.Build.0 = Release|Any CPU
		{8C8CF961-42B5-4624-A33D-5343FD5FFD59}.AppStore|iPhone.Deploy.0 = Release|Any CPU
		{8C8CF961-42B5-4624-A33D-5343FD5FFD59}.AppStore|iPhoneSimulator.ActiveCfg = Release|Any CPU
		{8C8CF961-42B5-4624-A33D-5343FD5FFD59}.AppStore|iPhoneSimulator.Build.0 = Release|Any CPU
		{8C8CF961-42B5-4624-A33D-5343FD5FFD59}.AppStore|iPhoneSimulator.Deploy.0 = Release|Any CPU
		{8C8CF961-42B5-4624-A33D-5343FD5FFD59}.Debug|Any CPU.ActiveCfg = Debug|Any CPU
		{8C8CF961-42B5-4624-A33D-5343FD5FFD59}.Debug|Any CPU.Build.0 = Debug|Any CPU
		{8C8CF961-42B5-4624-A33D-5343FD5FFD59}.Debug|Any CPU.Deploy.0 = Debug|Any CPU
		{8C8CF961-42B5-4624-A33D-5343FD5FFD59}.Debug|iPhone.ActiveCfg = Debug|Any CPU
		{8C8CF961-42B5-4624-A33D-5343FD5FFD59}.Debug|iPhone.Build.0 = Debug|Any CPU
		{8C8CF961-42B5-4624-A33D-5343FD5FFD59}.Debug|iPhone.Deploy.0 = Debug|Any CPU
		{8C8CF961-42B5-4624-A33D-5343FD5FFD59}.Debug|iPhoneSimulator.ActiveCfg = Debug|Any CPU
		{8C8CF961-42B5-4624-A33D-5343FD5FFD59}.Debug|iPhoneSimulator.Build.0 = Debug|Any CPU
		{8C8CF961-42B5-4624-A33D-5343FD5FFD59}.Debug|iPhoneSimulator.Deploy.0 = Debug|Any CPU
		{8C8CF961-42B5-4624-A33D-5343FD5FFD59}.Release|Any CPU.ActiveCfg = Release|Any CPU
		{8C8CF961-42B5-4624-A33D-5343FD5FFD59}.Release|Any CPU.Build.0 = Release|Any CPU
		{8C8CF961-42B5-4624-A33D-5343FD5FFD59}.Release|Any CPU.Deploy.0 = Release|Any CPU
		{8C8CF961-42B5-4624-A33D-5343FD5FFD59}.Release|iPhone.ActiveCfg = Release|Any CPU
		{8C8CF961-42B5-4624-A33D-5343FD5FFD59}.Release|iPhone.Build.0 = Release|Any CPU
		{8C8CF961-42B5-4624-A33D-5343FD5FFD59}.Release|iPhone.Deploy.0 = Release|Any CPU
		{8C8CF961-42B5-4624-A33D-5343FD5FFD59}.Release|iPhoneSimulator.ActiveCfg = Release|Any CPU
		{8C8CF961-42B5-4624-A33D-5343FD5FFD59}.Release|iPhoneSimulator.Build.0 = Release|Any CPU
		{8C8CF961-42B5-4624-A33D-5343FD5FFD59}.Release|iPhoneSimulator.Deploy.0 = Release|Any CPU
		{97649A03-6288-4A3E-9FFD-1B42F0D1E8C9}.Ad-Hoc|Any CPU.ActiveCfg = Ad-Hoc|iPhone
		{97649A03-6288-4A3E-9FFD-1B42F0D1E8C9}.Ad-Hoc|iPhone.ActiveCfg = Ad-Hoc|iPhone
		{97649A03-6288-4A3E-9FFD-1B42F0D1E8C9}.Ad-Hoc|iPhone.Build.0 = Ad-Hoc|iPhone
		{97649A03-6288-4A3E-9FFD-1B42F0D1E8C9}.Ad-Hoc|iPhoneSimulator.ActiveCfg = Ad-Hoc|iPhoneSimulator
		{97649A03-6288-4A3E-9FFD-1B42F0D1E8C9}.Ad-Hoc|iPhoneSimulator.Build.0 = Ad-Hoc|iPhoneSimulator
		{97649A03-6288-4A3E-9FFD-1B42F0D1E8C9}.AppStore|Any CPU.ActiveCfg = AppStore|iPhone
		{97649A03-6288-4A3E-9FFD-1B42F0D1E8C9}.AppStore|iPhone.ActiveCfg = AppStore|iPhone
		{97649A03-6288-4A3E-9FFD-1B42F0D1E8C9}.AppStore|iPhone.Build.0 = AppStore|iPhone
		{97649A03-6288-4A3E-9FFD-1B42F0D1E8C9}.AppStore|iPhoneSimulator.ActiveCfg = AppStore|iPhoneSimulator
		{97649A03-6288-4A3E-9FFD-1B42F0D1E8C9}.AppStore|iPhoneSimulator.Build.0 = AppStore|iPhoneSimulator
		{97649A03-6288-4A3E-9FFD-1B42F0D1E8C9}.Debug|Any CPU.ActiveCfg = Debug|iPhone
		{97649A03-6288-4A3E-9FFD-1B42F0D1E8C9}.Debug|iPhone.ActiveCfg = Debug|iPhone
		{97649A03-6288-4A3E-9FFD-1B42F0D1E8C9}.Debug|iPhone.Build.0 = Debug|iPhone
		{97649A03-6288-4A3E-9FFD-1B42F0D1E8C9}.Debug|iPhoneSimulator.ActiveCfg = Debug|iPhoneSimulator
		{97649A03-6288-4A3E-9FFD-1B42F0D1E8C9}.Debug|iPhoneSimulator.Build.0 = Debug|iPhoneSimulator
		{97649A03-6288-4A3E-9FFD-1B42F0D1E8C9}.Release|Any CPU.ActiveCfg = Release|iPhone
		{97649A03-6288-4A3E-9FFD-1B42F0D1E8C9}.Release|iPhone.ActiveCfg = Release|iPhone
		{97649A03-6288-4A3E-9FFD-1B42F0D1E8C9}.Release|iPhone.Build.0 = Release|iPhone
		{97649A03-6288-4A3E-9FFD-1B42F0D1E8C9}.Release|iPhoneSimulator.ActiveCfg = Release|iPhoneSimulator
		{97649A03-6288-4A3E-9FFD-1B42F0D1E8C9}.Release|iPhoneSimulator.Build.0 = Release|iPhoneSimulator
	EndGlobalSection
	GlobalSection(SolutionProperties) = preSolution
		HideSolutionNode = FALSE
	EndGlobalSection
	GlobalSection(ExtensibilityGlobals) = postSolution
		SolutionGuid = {DCC8D4C1-A0B9-48B1-B940-BA18F9E17EB2}
	EndGlobalSection
EndGlobal
